
Microsoft Visual Studio Solution File, Format Version 12.00
# Visual Studio Version 17
VisualStudioVersion = 17.5.33516.290
MinimumVisualStudioVersion = 10.0.40219.1
Project("{FAE04EC0-301F-11D3-BF4B-00C04F79EFBC}") = "Parcial1.console", "Parcial1.console\Parcial1.console.csproj", "{599B8124-7216-4E7B-9C3D-5670388E5D0C}"
EndProject
Global
	GlobalSection(SolutionConfigurationPlatforms) = preSolution
		Debug|Any CPU = Debug|Any CPU
		Release|Any CPU = Release|Any CPU
	EndGlobalSection
	GlobalSection(ProjectConfigurationPlatforms) = postSolution
		{599B8124-7216-4E7B-9C3D-5670388E5D0C}.Debug|Any CPU.ActiveCfg = Debug|Any CPU
		{599B8124-7216-4E7B-9C3D-5670388E5D0C}.Debug|Any CPU.Build.0 = Debug|Any CPU
		{599B8124-7216-4E7B-9C3D-5670388E5D0C}.Release|Any CPU.ActiveCfg = Release|Any CPU
		{599B8124-7216-4E7B-9C3D-5670388E5D0C}.Release|Any CPU.Build.0 = Release|Any CPU
	EndGlobalSection
	GlobalSection(SolutionProperties) = preSolution
		HideSolutionNode = FALSE
	EndGlobalSection
	GlobalSection(ExtensibilityGlobals) = postSolution
		SolutionGuid = {D78AA3E2-43E5-43D3-ADD0-6FD8E24541C0}
	EndGlobalSection
EndGlobal
